// !$*UTF8*$!
{
	archiveVersion = 1;
	classes = {
	};
	objectVersion = 55;
	objects = {

/* Begin PBXBuildFile section */
		3AAB2D62279C4321009C8047 /* AppDelegate.swift in Sources */ = {isa = PBXBuildFile; fileRef = 3AAB2D61279C4321009C8047 /* AppDelegate.swift */; };
		3AAB2D64279C4321009C8047 /* SceneDelegate.swift in Sources */ = {isa = PBXBuildFile; fileRef = 3AAB2D63279C4321009C8047 /* SceneDelegate.swift */; };
		3AAB2D66279C4321009C8047 /* ParentViewController.swift in Sources */ = {isa = PBXBuildFile; fileRef = 3AAB2D65279C4321009C8047 /* ParentViewController.swift */; };
		3AAB2D69279C4321009C8047 /* Main.storyboard in Resources */ = {isa = PBXBuildFile; fileRef = 3AAB2D67279C4321009C8047 /* Main.storyboard */; };
		3AAB2D6B279C4321009C8047 /* Assets.xcassets in Resources */ = {isa = PBXBuildFile; fileRef = 3AAB2D6A279C4321009C8047 /* Assets.xcassets */; };
		3AAB2D6E279C4321009C8047 /* LaunchScreen.storyboard in Resources */ = {isa = PBXBuildFile; fileRef = 3AAB2D6C279C4321009C8047 /* LaunchScreen.storyboard */; };
		3AAB2D79279C4322009C8047 /* infiniteToDoListTests.swift in Sources */ = {isa = PBXBuildFile; fileRef = 3AAB2D78279C4322009C8047 /* infiniteToDoListTests.swift */; };
		3AAB2D83279C4322009C8047 /* infiniteToDoListUITests.swift in Sources */ = {isa = PBXBuildFile; fileRef = 3AAB2D82279C4322009C8047 /* infiniteToDoListUITests.swift */; };
		3AAB2D85279C4322009C8047 /* infiniteToDoListUITestsLaunchTests.swift in Sources */ = {isa = PBXBuildFile; fileRef = 3AAB2D84279C4322009C8047 /* infiniteToDoListUITestsLaunchTests.swift */; };
		3AAB2D93279C440F009C8047 /* TaskProtocol.swift in Sources */ = {isa = PBXBuildFile; fileRef = 3AAB2D92279C440F009C8047 /* TaskProtocol.swift */; };
		3AAB2D95279C4452009C8047 /* RootModel.swift in Sources */ = {isa = PBXBuildFile; fileRef = 3AAB2D94279C4452009C8047 /* RootModel.swift */; };
		3AAB2D97279C458B009C8047 /* TaskModel.swift in Sources */ = {isa = PBXBuildFile; fileRef = 3AAB2D96279C458B009C8047 /* TaskModel.swift */; };
		3AAB2D99279C4870009C8047 /* TaskTableViewCell.xib in Resources */ = {isa = PBXBuildFile; fileRef = 3AAB2D98279C4870009C8047 /* TaskTableViewCell.xib */; };
		3AAB2D9B279C4EE6009C8047 /* TaskTableViewCell.swift in Sources */ = {isa = PBXBuildFile; fileRef = 3AAB2D9A279C4EE6009C8047 /* TaskTableViewCell.swift */; };
/* End PBXBuildFile section */

/* Begin PBXContainerItemProxy section */
		3AAB2D75279C4322009C8047 /* PBXContainerItemProxy */ = {
			isa = PBXContainerItemProxy;
			containerPortal = 3AAB2D56279C4321009C8047 /* Project object */;
			proxyType = 1;
			remoteGlobalIDString = 3AAB2D5D279C4321009C8047;
			remoteInfo = infiniteToDoList;
		};
		3AAB2D7F279C4322009C8047 /* PBXContainerItemProxy */ = {
			isa = PBXContainerItemProxy;
			containerPortal = 3AAB2D56279C4321009C8047 /* Project object */;
			proxyType = 1;
			remoteGlobalIDString = 3AAB2D5D279C4321009C8047;
			remoteInfo = infiniteToDoList;
		};
/* End PBXContainerItemProxy section */

/* Begin PBXFileReference section */
		3AAB2D5E279C4321009C8047 /* infiniteToDoList.app */ = {isa = PBXFileReference; explicitFileType = wrapper.application; includeInIndex = 0; path = infiniteToDoList.app; sourceTree = BUILT_PRODUCTS_DIR; };
		3AAB2D61279C4321009C8047 /* AppDelegate.swift */ = {isa = PBXFileReference; lastKnownFileType = sourcecode.swift; path = AppDelegate.swift; sourceTree = "<group>"; };
		3AAB2D63279C4321009C8047 /* SceneDelegate.swift */ = {isa = PBXFileReference; lastKnownFileType = sourcecode.swift; path = SceneDelegate.swift; sourceTree = "<group>"; };
		3AAB2D65279C4321009C8047 /* ParentViewController.swift */ = {isa = PBXFileReference; lastKnownFileType = sourcecode.swift; path = ParentViewController.swift; sourceTree = "<group>"; };
		3AAB2D68279C4321009C8047 /* Base */ = {isa = PBXFileReference; lastKnownFileType = file.storyboard; name = Base; path = Base.lproj/Main.storyboard; sourceTree = "<group>"; };
		3AAB2D6A279C4321009C8047 /* Assets.xcassets */ = {isa = PBXFileReference; lastKnownFileType = folder.assetcatalog; path = Assets.xcassets; sourceTree = "<group>"; };
		3AAB2D6D279C4321009C8047 /* Base */ = {isa = PBXFileReference; lastKnownFileType = file.storyboard; name = Base; path = Base.lproj/LaunchScreen.storyboard; sourceTree = "<group>"; };
		3AAB2D6F279C4321009C8047 /* Info.plist */ = {isa = PBXFileReference; lastKnownFileType = text.plist.xml; path = Info.plist; sourceTree = "<group>"; };
		3AAB2D74279C4322009C8047 /* infiniteToDoListTests.xctest */ = {isa = PBXFileReference; explicitFileType = wrapper.cfbundle; includeInIndex = 0; path = infiniteToDoListTests.xctest; sourceTree = BUILT_PRODUCTS_DIR; };
		3AAB2D78279C4322009C8047 /* infiniteToDoListTests.swift */ = {isa = PBXFileReference; lastKnownFileType = sourcecode.swift; path = infiniteToDoListTests.swift; sourceTree = "<group>"; };
		3AAB2D7E279C4322009C8047 /* infiniteToDoListUITests.xctest */ = {isa = PBXFileReference; explicitFileType = wrapper.cfbundle; includeInIndex = 0; path = infiniteToDoListUITests.xctest; sourceTree = BUILT_PRODUCTS_DIR; };
		3AAB2D82279C4322009C8047 /* infiniteToDoListUITests.swift */ = {isa = PBXFileReference; lastKnownFileType = sourcecode.swift; path = infiniteToDoListUITests.swift; sourceTree = "<group>"; };
		3AAB2D84279C4322009C8047 /* infiniteToDoListUITestsLaunchTests.swift */ = {isa = PBXFileReference; lastKnownFileType = sourcecode.swift; path = infiniteToDoListUITestsLaunchTests.swift; sourceTree = "<group>"; };
		3AAB2D92279C440F009C8047 /* TaskProtocol.swift */ = {isa = PBXFileReference; lastKnownFileType = sourcecode.swift; path = TaskProtocol.swift; sourceTree = "<group>"; };
		3AAB2D94279C4452009C8047 /* RootModel.swift */ = {isa = PBXFileReference; lastKnownFileType = sourcecode.swift; path = RootModel.swift; sourceTree = "<group>"; };
		3AAB2D96279C458B009C8047 /* TaskModel.swift */ = {isa = PBXFileReference; lastKnownFileType = sourcecode.swift; path = TaskModel.swift; sourceTree = "<group>"; };
		3AAB2D98279C4870009C8047 /* TaskTableViewCell.xib */ = {isa = PBXFileReference; fileEncoding = 4; lastKnownFileType = file.xib; path = TaskTableViewCell.xib; sourceTree = "<group>"; };
		3AAB2D9A279C4EE6009C8047 /* TaskTableViewCell.swift */ = {isa = PBXFileReference; fileEncoding = 4; lastKnownFileType = sourcecode.swift; path = TaskTableViewCell.swift; sourceTree = "<group>"; };
/* End PBXFileReference section */

/* Begin PBXFrameworksBuildPhase section */
		3AAB2D5B279C4321009C8047 /* Frameworks */ = {
			isa = PBXFrameworksBuildPhase;
			buildActionMask = 2147483647;
			files = (
			);
			runOnlyForDeploymentPostprocessing = 0;
		};
		3AAB2D71279C4322009C8047 /* Frameworks */ = {
			isa = PBXFrameworksBuildPhase;
			buildActionMask = 2147483647;
			files = (
			);
			runOnlyForDeploymentPostprocessing = 0;
		};
		3AAB2D7B279C4322009C8047 /* Frameworks */ = {
			isa = PBXFrameworksBuildPhase;
			buildActionMask = 2147483647;
			files = (
			);
			runOnlyForDeploymentPostprocessing = 0;
		};
/* End PBXFrameworksBuildPhase section */

/* Begin PBXGroup section */
		3AAB2D55279C4321009C8047 = {
			isa = PBXGroup;
			children = (
				3AAB2D60279C4321009C8047 /* infiniteToDoList */,
				3AAB2D77279C4322009C8047 /* infiniteToDoListTests */,
				3AAB2D81279C4322009C8047 /* infiniteToDoListUITests */,
				3AAB2D5F279C4321009C8047 /* Products */,
			);
			sourceTree = "<group>";
		};
		3AAB2D5F279C4321009C8047 /* Products */ = {
			isa = PBXGroup;
			children = (
				3AAB2D5E279C4321009C8047 /* infiniteToDoList.app */,
				3AAB2D74279C4322009C8047 /* infiniteToDoListTests.xctest */,
				3AAB2D7E279C4322009C8047 /* infiniteToDoListUITests.xctest */,
			);
			name = Products;
			sourceTree = "<group>";
		};
		3AAB2D60279C4321009C8047 /* infiniteToDoList */ = {
			isa = PBXGroup;
			children = (
				3AAB2D91279C43F9009C8047 /* Models */,
				3AAB2D61279C4321009C8047 /* AppDelegate.swift */,
				3AAB2D63279C4321009C8047 /* SceneDelegate.swift */,
				3AAB2D65279C4321009C8047 /* ParentViewController.swift */,
				3AAB2D9A279C4EE6009C8047 /* TaskTableViewCell.swift */,
				3AAB2D98279C4870009C8047 /* TaskTableViewCell.xib */,
				3AAB2D67279C4321009C8047 /* Main.storyboard */,
				3AAB2D6A279C4321009C8047 /* Assets.xcassets */,
				3AAB2D6C279C4321009C8047 /* LaunchScreen.storyboard */,
				3AAB2D6F279C4321009C8047 /* Info.plist */,
			);
			path = infiniteToDoList;
			sourceTree = "<group>";
		};
		3AAB2D77279C4322009C8047 /* infiniteToDoListTests */ = {
			isa = PBXGroup;
			children = (
				3AAB2D78279C4322009C8047 /* infiniteToDoListTests.swift */,
			);
			path = infiniteToDoListTests;
			sourceTree = "<group>";
		};
		3AAB2D81279C4322009C8047 /* infiniteToDoListUITests */ = {
			isa = PBXGroup;
			children = (
				3AAB2D82279C4322009C8047 /* infiniteToDoListUITests.swift */,
				3AAB2D84279C4322009C8047 /* infiniteToDoListUITestsLaunchTests.swift */,
			);
			path = infiniteToDoListUITests;
			sourceTree = "<group>";
		};
		3AAB2D91279C43F9009C8047 /* Models */ = {
			isa = PBXGroup;
			children = (
				3AAB2D92279C440F009C8047 /* TaskProtocol.swift */,
				3AAB2D94279C4452009C8047 /* RootModel.swift */,
				3AAB2D96279C458B009C8047 /* TaskModel.swift */,
			);
			path = Models;
			sourceTree = "<group>";
		};
/* End PBXGroup section */

/* Begin PBXNativeTarget section */
		3AAB2D5D279C4321009C8047 /* infiniteToDoList */ = {
			isa = PBXNativeTarget;
			buildConfigurationList = 3AAB2D88279C4322009C8047 /* Build configuration list for PBXNativeTarget "infiniteToDoList" */;
			buildPhases = (
				3AAB2D5A279C4321009C8047 /* Sources */,
				3AAB2D5B279C4321009C8047 /* Frameworks */,
				3AAB2D5C279C4321009C8047 /* Resources */,
			);
			buildRules = (
			);
			dependencies = (
			);
			name = infiniteToDoList;
			productName = infiniteToDoList;
			productReference = 3AAB2D5E279C4321009C8047 /* infiniteToDoList.app */;
			productType = "com.apple.product-type.application";
		};
		3AAB2D73279C4322009C8047 /* infiniteToDoListTests */ = {
			isa = PBXNativeTarget;
			buildConfigurationList = 3AAB2D8B279C4322009C8047 /* Build configuration list for PBXNativeTarget "infiniteToDoListTests" */;
			buildPhases = (
				3AAB2D70279C4322009C8047 /* Sources */,
				3AAB2D71279C4322009C8047 /* Frameworks */,
				3AAB2D72279C4322009C8047 /* Resources */,
			);
			buildRules = (
			);
			dependencies = (
				3AAB2D76279C4322009C8047 /* PBXTargetDependency */,
			);
			name = infiniteToDoListTests;
			productName = infiniteToDoListTests;
			productReference = 3AAB2D74279C4322009C8047 /* infiniteToDoListTests.xctest */;
			productType = "com.apple.product-type.bundle.unit-test";
		};
		3AAB2D7D279C4322009C8047 /* infiniteToDoListUITests */ = {
			isa = PBXNativeTarget;
			buildConfigurationList = 3AAB2D8E279C4322009C8047 /* Build configuration list for PBXNativeTarget "infiniteToDoListUITests" */;
			buildPhases = (
				3AAB2D7A279C4322009C8047 /* Sources */,
				3AAB2D7B279C4322009C8047 /* Frameworks */,
				3AAB2D7C279C4322009C8047 /* Resources */,
			);
			buildRules = (
			);
			dependencies = (
				3AAB2D80279C4322009C8047 /* PBXTargetDependency */,
			);
			name = infiniteToDoListUITests;
			productName = infiniteToDoListUITests;
			productReference = 3AAB2D7E279C4322009C8047 /* infiniteToDoListUITests.xctest */;
			productType = "com.apple.product-type.bundle.ui-testing";
		};
/* End PBXNativeTarget section */

/* Begin PBXProject section */
		3AAB2D56279C4321009C8047 /* Project object */ = {
			isa = PBXProject;
			attributes = {
				BuildIndependentTargetsInParallel = 1;
				LastSwiftUpdateCheck = 1320;
				LastUpgradeCheck = 1320;
				TargetAttributes = {
					3AAB2D5D279C4321009C8047 = {
						CreatedOnToolsVersion = 13.2.1;
					};
					3AAB2D73279C4322009C8047 = {
						CreatedOnToolsVersion = 13.2.1;
						TestTargetID = 3AAB2D5D279C4321009C8047;
					};
					3AAB2D7D279C4322009C8047 = {
						CreatedOnToolsVersion = 13.2.1;
						TestTargetID = 3AAB2D5D279C4321009C8047;
					};
				};
			};
			buildConfigurationList = 3AAB2D59279C4321009C8047 /* Build configuration list for PBXProject "infiniteToDoList" */;
			compatibilityVersion = "Xcode 13.0";
			developmentRegion = en;
			hasScannedForEncodings = 0;
			knownRegions = (
				en,
				Base,
			);
			mainGroup = 3AAB2D55279C4321009C8047;
			productRefGroup = 3AAB2D5F279C4321009C8047 /* Products */;
			projectDirPath = "";
			projectRoot = "";
			targets = (
				3AAB2D5D279C4321009C8047 /* infiniteToDoList */,
				3AAB2D73279C4322009C8047 /* infiniteToDoListTests */,
				3AAB2D7D279C4322009C8047 /* infiniteToDoListUITests */,
			);
		};
/* End PBXProject section */

/* Begin PBXResourcesBuildPhase section */
		3AAB2D5C279C4321009C8047 /* Resources */ = {
			isa = PBXResourcesBuildPhase;
			buildActionMask = 2147483647;
			files = (
				3AAB2D99279C4870009C8047 /* TaskTableViewCell.xib in Resources */,
				3AAB2D6E279C4321009C8047 /* LaunchScreen.storyboard in Resources */,
				3AAB2D6B279C4321009C8047 /* Assets.xcassets in Resources */,
				3AAB2D69279C4321009C8047 /* Main.storyboard in Resources */,
			);
			runOnlyForDeploymentPostprocessing = 0;
		};
		3AAB2D72279C4322009C8047 /* Resources */ = {
			isa = PBXResourcesBuildPhase;
			buildActionMask = 2147483647;
			files = (
			);
			runOnlyForDeploymentPostprocessing = 0;
		};
		3AAB2D7C279C4322009C8047 /* Resources */ = {
			isa = PBXResourcesBuildPhase;
			buildActionMask = 2147483647;
			files = (
			);
			runOnlyForDeploymentPostprocessing = 0;
		};
/* End PBXResourcesBuildPhase section */

/* Begin PBXSourcesBuildPhase section */
		3AAB2D5A279C4321009C8047 /* Sources */ = {
			isa = PBXSourcesBuildPhase;
			buildActionMask = 2147483647;
			files = (
				3AAB2D9B279C4EE6009C8047 /* TaskTableViewCell.swift in Sources */,
				3AAB2D97279C458B009C8047 /* TaskModel.swift in Sources */,
				3AAB2D66279C4321009C8047 /* ParentViewController.swift in Sources */,
				3AAB2D62279C4321009C8047 /* AppDelegate.swift in Sources */,
				3AAB2D93279C440F009C8047 /* TaskProtocol.swift in Sources */,
				3AAB2D95279C4452009C8047 /* RootModel.swift in Sources */,
				3AAB2D64279C4321009C8047 /* SceneDelegate.swift in Sources */,
			);
			runOnlyForDeploymentPostprocessing = 0;
		};
		3AAB2D70279C4322009C8047 /* Sources */ = {
			isa = PBXSourcesBuildPhase;
			buildActionMask = 2147483647;
			files = (
				3AAB2D79279C4322009C8047 /* infiniteToDoListTests.swift in Sources */,
			);
			runOnlyForDeploymentPostprocessing = 0;
		};
		3AAB2D7A279C4322009C8047 /* Sources */ = {
			isa = PBXSourcesBuildPhase;
			buildActionMask = 2147483647;
			files = (
				3AAB2D85279C4322009C8047 /* infiniteToDoListUITestsLaunchTests.swift in Sources */,
				3AAB2D83279C4322009C8047 /* infiniteToDoListUITests.swift in Sources */,
			);
			runOnlyForDeploymentPostprocessing = 0;
		};
/* End PBXSourcesBuildPhase section */

/* Begin PBXTargetDependency section */
		3AAB2D76279C4322009C8047 /* PBXTargetDependency */ = {
			isa = PBXTargetDependency;
			target = 3AAB2D5D279C4321009C8047 /* infiniteToDoList */;
			targetProxy = 3AAB2D75279C4322009C8047 /* PBXContainerItemProxy */;
		};
		3AAB2D80279C4322009C8047 /* PBXTargetDependency */ = {
			isa = PBXTargetDependency;
			target = 3AAB2D5D279C4321009C8047 /* infiniteToDoList */;
			targetProxy = 3AAB2D7F279C4322009C8047 /* PBXContainerItemProxy */;
		};
/* End PBXTargetDependency section */

/* Begin PBXVariantGroup section */
		3AAB2D67279C4321009C8047 /* Main.storyboard */ = {
			isa = PBXVariantGroup;
			children = (
				3AAB2D68279C4321009C8047 /* Base */,
			);
			name = Main.storyboard;
			sourceTree = "<group>";
		};
		3AAB2D6C279C4321009C8047 /* LaunchScreen.storyboard */ = {
			isa = PBXVariantGroup;
			children = (
				3AAB2D6D279C4321009C8047 /* Base */,
			);
			name = LaunchScreen.storyboard;
			sourceTree = "<group>";
		};
/* End PBXVariantGroup section */

/* Begin XCBuildConfiguration section */
		3AAB2D86279C4322009C8047 /* Debug */ = {
			isa = XCBuildConfiguration;
			buildSettings = {
				ALWAYS_SEARCH_USER_PATHS = NO;
				CLANG_ANALYZER_NONNULL = YES;
				CLANG_ANALYZER_NUMBER_OBJECT_CONVERSION = YES_AGGRESSIVE;
				CLANG_CXX_LANGUAGE_STANDARD = "gnu++17";
				CLANG_CXX_LIBRARY = "libc++";
				CLANG_ENABLE_MODULES = YES;
				CLANG_ENABLE_OBJC_ARC = YES;
				CLANG_ENABLE_OBJC_WEAK = YES;
				CLANG_WARN_BLOCK_CAPTURE_AUTORELEASING = YES;
				CLANG_WARN_BOOL_CONVERSION = YES;
				CLANG_WARN_COMMA = YES;
				CLANG_WARN_CONSTANT_CONVERSION = YES;
				CLANG_WARN_DEPRECATED_OBJC_IMPLEMENTATIONS = YES;
				CLANG_WARN_DIRECT_OBJC_ISA_USAGE = YES_ERROR;
				CLANG_WARN_DOCUMENTATION_COMMENTS = YES;
				CLANG_WARN_EMPTY_BODY = YES;
				CLANG_WARN_ENUM_CONVERSION = YES;
				CLANG_WARN_INFINITE_RECURSION = YES;
				CLANG_WARN_INT_CONVERSION = YES;
				CLANG_WARN_NON_LITERAL_NULL_CONVERSION = YES;
				CLANG_WARN_OBJC_IMPLICIT_RETAIN_SELF = YES;
				CLANG_WARN_OBJC_LITERAL_CONVERSION = YES;
				CLANG_WARN_OBJC_ROOT_CLASS = YES_ERROR;
				CLANG_WARN_QUOTED_INCLUDE_IN_FRAMEWORK_HEADER = YES;
				CLANG_WARN_RANGE_LOOP_ANALYSIS = YES;
				CLANG_WARN_STRICT_PROTOTYPES = YES;
				CLANG_WARN_SUSPICIOUS_MOVE = YES;
				CLANG_WARN_UNGUARDED_AVAILABILITY = YES_AGGRESSIVE;
				CLANG_WARN_UNREACHABLE_CODE = YES;
				CLANG_WARN__DUPLICATE_METHOD_MATCH = YES;
				COPY_PHASE_STRIP = NO;
				DEBUG_INFORMATION_FORMAT = dwarf;
				ENABLE_STRICT_OBJC_MSGSEND = YES;
				ENABLE_TESTABILITY = YES;
				GCC_C_LANGUAGE_STANDARD = gnu11;
				GCC_DYNAMIC_NO_PIC = NO;
				GCC_NO_COMMON_BLOCKS = YES;
				GCC_OPTIMIZATION_LEVEL = 0;
				GCC_PREPROCESSOR_DEFINITIONS = (
					"DEBUG=1",
					"$(inherited)",
				);
				GCC_WARN_64_TO_32_BIT_CONVERSION = YES;
				GCC_WARN_ABOUT_RETURN_TYPE = YES_ERROR;
				GCC_WARN_UNDECLARED_SELECTOR = YES;
				GCC_WARN_UNINITIALIZED_AUTOS = YES_AGGRESSIVE;
				GCC_WARN_UNUSED_FUNCTION = YES;
				GCC_WARN_UNUSED_VARIABLE = YES;
				IPHONEOS_DEPLOYMENT_TARGET = 15.2;
				MTL_ENABLE_DEBUG_INFO = INCLUDE_SOURCE;
				MTL_FAST_MATH = YES;
				ONLY_ACTIVE_ARCH = YES;
				SDKROOT = iphoneos;
				SWIFT_ACTIVE_COMPILATION_CONDITIONS = DEBUG;
				SWIFT_OPTIMIZATION_LEVEL = "-Onone";
			};
			name = Debug;
		};
		3AAB2D87279C4322009C8047 /* Release */ = {
			isa = XCBuildConfiguration;
			buildSettings = {
				ALWAYS_SEARCH_USER_PATHS = NO;
				CLANG_ANALYZER_NONNULL = YES;
				CLANG_ANALYZER_NUMBER_OBJECT_CONVERSION = YES_AGGRESSIVE;
				CLANG_CXX_LANGUAGE_STANDARD = "gnu++17";
				CLANG_CXX_LIBRARY = "libc++";
				CLANG_ENABLE_MODULES = YES;
				CLANG_ENABLE_OBJC_ARC = YES;
				CLANG_ENABLE_OBJC_WEAK = YES;
				CLANG_WARN_BLOCK_CAPTURE_AUTORELEASING = YES;
				CLANG_WARN_BOOL_CONVERSION = YES;
				CLANG_WARN_COMMA = YES;
				CLANG_WARN_CONSTANT_CONVERSION = YES;
				CLANG_WARN_DEPRECATED_OBJC_IMPLEMENTATIONS = YES;
				CLANG_WARN_DIRECT_OBJC_ISA_USAGE = YES_ERROR;
				CLANG_WARN_DOCUMENTATION_COMMENTS = YES;
				CLANG_WARN_EMPTY_BODY = YES;
				CLANG_WARN_ENUM_CONVERSION = YES;
				CLANG_WARN_INFINITE_RECURSION = YES;
				CLANG_WARN_INT_CONVERSION = YES;
				CLANG_WARN_NON_LITERAL_NULL_CONVERSION = YES;
				CLANG_WARN_OBJC_IMPLICIT_RETAIN_SELF = YES;
				CLANG_WARN_OBJC_LITERAL_CONVERSION = YES;
				CLANG_WARN_OBJC_ROOT_CLASS = YES_ERROR;
				CLANG_WARN_QUOTED_INCLUDE_IN_FRAMEWORK_HEADER = YES;
				CLANG_WARN_RANGE_LOOP_ANALYSIS = YES;
				CLANG_WARN_STRICT_PROTOTYPES = YES;
				CLANG_WARN_SUSPICIOUS_MOVE = YES;
				CLANG_WARN_UNGUARDED_AVAILABILITY = YES_AGGRESSIVE;
				CLANG_WARN_UNREACHABLE_CODE = YES;
				CLANG_WARN__DUPLICATE_METHOD_MATCH = YES;
				COPY_PHASE_STRIP = NO;
				DEBUG_INFORMATION_FORMAT = "dwarf-with-dsym";
				ENABLE_NS_ASSERTIONS = NO;
				ENABLE_STRICT_OBJC_MSGSEND = YES;
				GCC_C_LANGUAGE_STANDARD = gnu11;
				GCC_NO_COMMON_BLOCKS = YES;
				GCC_WARN_64_TO_32_BIT_CONVERSION = YES;
				GCC_WARN_ABOUT_RETURN_TYPE = YES_ERROR;
				GCC_WARN_UNDECLARED_SELECTOR = YES;
				GCC_WARN_UNINITIALIZED_AUTOS = YES_AGGRESSIVE;
				GCC_WARN_UNUSED_FUNCTION = YES;
				GCC_WARN_UNUSED_VARIABLE = YES;
				IPHONEOS_DEPLOYMENT_TARGET = 15.2;
				MTL_ENABLE_DEBUG_INFO = NO;
				MTL_FAST_MATH = YES;
				SDKROOT = iphoneos;
				SWIFT_COMPILATION_MODE = wholemodule;
				SWIFT_OPTIMIZATION_LEVEL = "-O";
				VALIDATE_PRODUCT = YES;
			};
			name = Release;
		};
		3AAB2D89279C4322009C8047 /* Debug */ = {
			isa = XCBuildConfiguration;
			buildSettings = {
				ASSETCATALOG_COMPILER_APPICON_NAME = AppIcon;
				ASSETCATALOG_COMPILER_GLOBAL_ACCENT_COLOR_NAME = AccentColor;
				CODE_SIGN_STYLE = Automatic;
				CURRENT_PROJECT_VERSION = 1;
				DEVELOPMENT_TEAM = K945D33793;
				GENERATE_INFOPLIST_FILE = YES;
				INFOPLIST_FILE = infiniteToDoList/Info.plist;
				INFOPLIST_KEY_UIApplicationSupportsIndirectInputEvents = YES;
				INFOPLIST_KEY_UILaunchStoryboardName = LaunchScreen;
				INFOPLIST_KEY_UIMainStoryboardFile = Main;
				INFOPLIST_KEY_UISupportedInterfaceOrientations_iPad = "UIInterfaceOrientationPortrait UIInterfaceOrientationPortraitUpsideDown UIInterfaceOrientationLandscapeLeft UIInterfaceOrientationLandscapeRight";
				INFOPLIST_KEY_UISupportedInterfaceOrientations_iPhone = "UIInterfaceOrientationPortrait UIInterfaceOrientationLandscapeLeft UIInterfaceOrientationLandscapeRight";
				LD_RUNPATH_SEARCH_PATHS = (
					"$(inherited)",
					"@executable_path/Frameworks",
				);
				MARKETING_VERSION = 1.0;
				PRODUCT_BUNDLE_IDENTIFIER = evstarshov.infiniteToDoList;
				PRODUCT_NAME = "$(TARGET_NAME)";
				SWIFT_EMIT_LOC_STRINGS = YES;
				SWIFT_VERSION = 5.0;
				TARGETED_DEVICE_FAMILY = "1,2";
			};
			name = Debug;
		};
		3AAB2D8A279C4322009C8047 /* Release */ = {
			isa = XCBuildConfiguration;
			buildSettings = {
				ASSETCATALOG_COMPILER_APPICON_NAME = AppIcon;
				ASSETCATALOG_COMPILER_GLOBAL_ACCENT_COLOR_NAME = AccentColor;
				CODE_SIGN_STYLE = Automatic;
				CURRENT_PROJECT_VERSION = 1;
				DEVELOPMENT_TEAM = K945D33793;
				GENERATE_INFOPLIST_FILE = YES;
				INFOPLIST_FILE = infiniteToDoList/Info.plist;
				INFOPLIST_KEY_UIApplicationSupportsIndirectInputEvents = YES;
				INFOPLIST_KEY_UILaunchStoryboardName = LaunchScreen;
				INFOPLIST_KEY_UIMainStoryboardFile = Main;
				INFOPLIST_KEY_UISupportedInterfaceOrientations_iPad = "UIInterfaceOrientationPortrait UIInterfaceOrientationPortraitUpsideDown UIInterfaceOrientationLandscapeLeft UIInterfaceOrientationLandscapeRight";
				INFOPLIST_KEY_UISupportedInterfaceOrientations_iPhone = "UIInterfaceOrientationPortrait UIInterfaceOrientationLandscapeLeft UIInterfaceOrientationLandscapeRight";
				LD_RUNPATH_SEARCH_PATHS = (
					"$(inherited)",
					"@executable_path/Frameworks",
				);
				MARKETING_VERSION = 1.0;
				PRODUCT_BUNDLE_IDENTIFIER = evstarshov.infiniteToDoList;
				PRODUCT_NAME = "$(TARGET_NAME)";
				SWIFT_EMIT_LOC_STRINGS = YES;
				SWIFT_VERSION = 5.0;
				TARGETED_DEVICE_FAMILY = "1,2";
			};
			name = Release;
		};
		3AAB2D8C279C4322009C8047 /* Debug */ = {
			isa = XCBuildConfiguration;
			buildSettings = {
				ALWAYS_EMBED_SWIFT_STANDARD_LIBRARIES = YES;
				BUNDLE_LOADER = "$(TEST_HOST)";
				CODE_SIGN_STYLE = Automatic;
				CURRENT_PROJECT_VERSION = 1;
				DEVELOPMENT_TEAM = K945D33793;
				GENERATE_INFOPLIST_FILE = YES;
				IPHONEOS_DEPLOYMENT_TARGET = 15.2;
				MARKETING_VERSION = 1.0;
				PRODUCT_BUNDLE_IDENTIFIER = evstarshov.infiniteToDoListTests;
				PRODUCT_NAME = "$(TARGET_NAME)";
				SWIFT_EMIT_LOC_STRINGS = NO;
				SWIFT_VERSION = 5.0;
				TARGETED_DEVICE_FAMILY = "1,2";
				TEST_HOST = "$(BUILT_PRODUCTS_DIR)/infiniteToDoList.app/infiniteToDoList";
			};
			name = Debug;
		};
		3AAB2D8D279C4322009C8047 /* Release */ = {
			isa = XCBuildConfiguration;
			buildSettings = {
				ALWAYS_EMBED_SWIFT_STANDARD_LIBRARIES = YES;
				BUNDLE_LOADER = "$(TEST_HOST)";
				CODE_SIGN_STYLE = Automatic;
				CURRENT_PROJECT_VERSION = 1;
				DEVELOPMENT_TEAM = K945D33793;
				GENERATE_INFOPLIST_FILE = YES;
				IPHONEOS_DEPLOYMENT_TARGET = 15.2;
				MARKETING_VERSION = 1.0;
				PRODUCT_BUNDLE_IDENTIFIER = evstarshov.infiniteToDoListTests;
				PRODUCT_NAME = "$(TARGET_NAME)";
				SWIFT_EMIT_LOC_STRINGS = NO;
				SWIFT_VERSION = 5.0;
				TARGETED_DEVICE_FAMILY = "1,2";
				TEST_HOST = "$(BUILT_PRODUCTS_DIR)/infiniteToDoList.app/infiniteToDoList";
			};
			name = Release;
		};
		3AAB2D8F279C4322009C8047 /* Debug */ = {
			isa = XCBuildConfiguration;
			buildSettings = {
				ALWAYS_EMBED_SWIFT_STANDARD_LIBRARIES = YES;
				CODE_SIGN_STYLE = Automatic;
				CURRENT_PROJECT_VERSION = 1;
				DEVELOPMENT_TEAM = K945D33793;
				GENERATE_INFOPLIST_FILE = YES;
				MARKETING_VERSION = 1.0;
				PRODUCT_BUNDLE_IDENTIFIER = evstarshov.infiniteToDoListUITests;
				PRODUCT_NAME = "$(TARGET_NAME)";
				SWIFT_EMIT_LOC_STRINGS = NO;
				SWIFT_VERSION = 5.0;
				TARGETED_DEVICE_FAMILY = "1,2";
				TEST_TARGET_NAME = infiniteToDoList;
			};
			name = Debug;
		};
		3AAB2D90279C4322009C8047 /* Release */ = {
			isa = XCBuildConfiguration;
			buildSettings = {
				ALWAYS_EMBED_SWIFT_STANDARD_LIBRARIES = YES;
				CODE_SIGN_STYLE = Automatic;
				CURRENT_PROJECT_VERSION = 1;
				DEVELOPMENT_TEAM = K945D33793;
				GENERATE_INFOPLIST_FILE = YES;
				MARKETING_VERSION = 1.0;
				PRODUCT_BUNDLE_IDENTIFIER = evstarshov.infiniteToDoListUITests;
				PRODUCT_NAME = "$(TARGET_NAME)";
				SWIFT_EMIT_LOC_STRINGS = NO;
				SWIFT_VERSION = 5.0;
				TARGETED_DEVICE_FAMILY = "1,2";
				TEST_TARGET_NAME = infiniteToDoList;
			};
			name = Release;
		};
/* End XCBuildConfiguration section */

/* Begin XCConfigurationList section */
		3AAB2D59279C4321009C8047 /* Build configuration list for PBXProject "infiniteToDoList" */ = {
			isa = XCConfigurationList;
			buildConfigurations = (
				3AAB2D86279C4322009C8047 /* Debug */,
				3AAB2D87279C4322009C8047 /* Release */,
			);
			defaultConfigurationIsVisible = 0;
			defaultConfigurationName = Release;
		};
		3AAB2D88279C4322009C8047 /* Build configuration list for PBXNativeTarget "infiniteToDoList" */ = {
			isa = XCConfigurationList;
			buildConfigurations = (
				3AAB2D89279C4322009C8047 /* Debug */,
				3AAB2D8A279C4322009C8047 /* Release */,
			);
			defaultConfigurationIsVisible = 0;
			defaultConfigurationName = Release;
		};
		3AAB2D8B279C4322009C8047 /* Build configuration list for PBXNativeTarget "infiniteToDoListTests" */ = {
			isa = XCConfigurationList;
			buildConfigurations = (
				3AAB2D8C279C4322009C8047 /* Debug */,
				3AAB2D8D279C4322009C8047 /* Release */,
			);
			defaultConfigurationIsVisible = 0;
			defaultConfigurationName = Release;
		};
		3AAB2D8E279C4322009C8047 /* Build configuration list for PBXNativeTarget "infiniteToDoListUITests" */ = {
			isa = XCConfigurationList;
			buildConfigurations = (
				3AAB2D8F279C4322009C8047 /* Debug */,
				3AAB2D90279C4322009C8047 /* Release */,
			);
			defaultConfigurationIsVisible = 0;
			defaultConfigurationName = Release;
		};
/* End XCConfigurationList section */
	};
	rootObject = 3AAB2D56279C4321009C8047 /* Project object */;
}
